
Microsoft Visual Studio Solution File, Format Version 12.00
# Visual Studio Version 17
VisualStudioVersion = 17.7.34009.444
MinimumVisualStudioVersion = 10.0.40219.1
Project("{2150E333-8FDC-42A3-9474-1A3956D46DE8}") = "SQL", "SQL", "{6BCA2324-26C7-4A57-AE10-348F3409A7B6}"
	ProjectSection(SolutionItems) = preProject
		SqlQuery_1.sql = SqlQuery_1.sql
	EndProjectSection
EndProject
Project("{2150E333-8FDC-42A3-9474-1A3956D46DE8}") = "CSharp", "CSharp", "{9297CFED-CFF1-4DE9-AC5C-7B20DB2DDEBB}"
EndProject
Project("{2150E333-8FDC-42A3-9474-1A3956D46DE8}") = "React", "React", "{B4C46452-69A0-41C6-9E2F-1555C552C553}"
	ProjectSection(SolutionItems) = preProject
		React1.txt = React1.txt
	EndProjectSection
EndProject
Project("{2150E333-8FDC-42A3-9474-1A3956D46DE8}") = "Lesson3", "Lesson3", "{BEF6E09A-5FED-4BF2-A039-43A6EA5E611C}"
EndProject
Project("{FAE04EC0-301F-11D3-BF4B-00C04F79EFBC}") = "Method", "CSharp\Lesson3\Method\Method.csproj", "{4186C82B-3ED0-4408-B232-FA220657A545}"
EndProject
Project("{FAE04EC0-301F-11D3-BF4B-00C04F79EFBC}") = "Math", "CSharp\Lesson3\Math\Math.csproj", "{AF334F82-809C-417E-8AAB-F77EC37D7746}"
EndProject
Project("{FAE04EC0-301F-11D3-BF4B-00C04F79EFBC}") = "ValueAndReferenceTypes", "CSharp\Lesson3\ValueAndReferenceTypes\ValueAndReferenceTypes.csproj", "{62D6641C-9B49-4C93-A9E8-D55387E40242}"
EndProject
Project("{2150E333-8FDC-42A3-9474-1A3956D46DE8}") = "Lesson4", "Lesson4", "{87161E35-9743-4032-BC60-5E676071DDC9}"
EndProject
Project("{FAE04EC0-301F-11D3-BF4B-00C04F79EFBC}") = "OOP1", "CSharp\Lesson4\OOP1\OOP1.csproj", "{BE564DAB-6A81-4B8A-A2BA-7A382A86F264}"
EndProject
Project("{FAE04EC0-301F-11D3-BF4B-00C04F79EFBC}") = "Collections", "CSharp\Lesson4\Collections\Collections.csproj", "{0204EDE8-7977-428E-88A2-6E2150E843DB}"
EndProject
Project("{FAE04EC0-301F-11D3-BF4B-00C04F79EFBC}") = "Generics", "CSharp\Lesson4\Generics\Generics.csproj", "{D02FD3A8-9845-43C5-A677-2B75CAA51501}"
EndProject
Project("{2150E333-8FDC-42A3-9474-1A3956D46DE8}") = "Lesson5", "Lesson5", "{B60DAAA7-F082-465E-AC7C-AC5AB4FB53EC}"
EndProject
Project("{FAE04EC0-301F-11D3-BF4B-00C04F79EFBC}") = "OOP2", "CSharp\Lesson5\OOP2\OOP2.csproj", "{F1FD21DE-91D7-4549-B176-BEF1938F7CAC}"
EndProject
Project("{FAE04EC0-301F-11D3-BF4B-00C04F79EFBC}") = "OOP3", "CSharp\Lesson5\OOP3\OOP3.csproj", "{89C41B51-1761-4E2D-93C5-4D101255C94D}"
EndProject
Global
	GlobalSection(SolutionConfigurationPlatforms) = preSolution
		Debug|Any CPU = Debug|Any CPU
		Release|Any CPU = Release|Any CPU
	EndGlobalSection
	GlobalSection(ProjectConfigurationPlatforms) = postSolution
		{4186C82B-3ED0-4408-B232-FA220657A545}.Debug|Any CPU.ActiveCfg = Debug|Any CPU
		{4186C82B-3ED0-4408-B232-FA220657A545}.Debug|Any CPU.Build.0 = Debug|Any CPU
		{4186C82B-3ED0-4408-B232-FA220657A545}.Release|Any CPU.ActiveCfg = Release|Any CPU
		{4186C82B-3ED0-4408-B232-FA220657A545}.Release|Any CPU.Build.0 = Release|Any CPU
		{AF334F82-809C-417E-8AAB-F77EC37D7746}.Debug|Any CPU.ActiveCfg = Debug|Any CPU
		{AF334F82-809C-417E-8AAB-F77EC37D7746}.Debug|Any CPU.Build.0 = Debug|Any CPU
		{AF334F82-809C-417E-8AAB-F77EC37D7746}.Release|Any CPU.ActiveCfg = Release|Any CPU
		{AF334F82-809C-417E-8AAB-F77EC37D7746}.Release|Any CPU.Build.0 = Release|Any CPU
		{62D6641C-9B49-4C93-A9E8-D55387E40242}.Debug|Any CPU.ActiveCfg = Debug|Any CPU
		{62D6641C-9B49-4C93-A9E8-D55387E40242}.Debug|Any CPU.Build.0 = Debug|Any CPU
		{62D6641C-9B49-4C93-A9E8-D55387E40242}.Release|Any CPU.ActiveCfg = Release|Any CPU
		{62D6641C-9B49-4C93-A9E8-D55387E40242}.Release|Any CPU.Build.0 = Release|Any CPU
		{BE564DAB-6A81-4B8A-A2BA-7A382A86F264}.Debug|Any CPU.ActiveCfg = Debug|Any CPU
		{BE564DAB-6A81-4B8A-A2BA-7A382A86F264}.Debug|Any CPU.Build.0 = Debug|Any CPU
		{BE564DAB-6A81-4B8A-A2BA-7A382A86F264}.Release|Any CPU.ActiveCfg = Release|Any CPU
		{BE564DAB-6A81-4B8A-A2BA-7A382A86F264}.Release|Any CPU.Build.0 = Release|Any CPU
		{0204EDE8-7977-428E-88A2-6E2150E843DB}.Debug|Any CPU.ActiveCfg = Debug|Any CPU
		{0204EDE8-7977-428E-88A2-6E2150E843DB}.Debug|Any CPU.Build.0 = Debug|Any CPU
		{0204EDE8-7977-428E-88A2-6E2150E843DB}.Release|Any CPU.ActiveCfg = Release|Any CPU
		{0204EDE8-7977-428E-88A2-6E2150E843DB}.Release|Any CPU.Build.0 = Release|Any CPU
		{D02FD3A8-9845-43C5-A677-2B75CAA51501}.Debug|Any CPU.ActiveCfg = Debug|Any CPU
		{D02FD3A8-9845-43C5-A677-2B75CAA51501}.Debug|Any CPU.Build.0 = Debug|Any CPU
		{D02FD3A8-9845-43C5-A677-2B75CAA51501}.Release|Any CPU.ActiveCfg = Release|Any CPU
		{D02FD3A8-9845-43C5-A677-2B75CAA51501}.Release|Any CPU.Build.0 = Release|Any CPU
		{F1FD21DE-91D7-4549-B176-BEF1938F7CAC}.Debug|Any CPU.ActiveCfg = Debug|Any CPU
		{F1FD21DE-91D7-4549-B176-BEF1938F7CAC}.Debug|Any CPU.Build.0 = Debug|Any CPU
		{F1FD21DE-91D7-4549-B176-BEF1938F7CAC}.Release|Any CPU.ActiveCfg = Release|Any CPU
		{F1FD21DE-91D7-4549-B176-BEF1938F7CAC}.Release|Any CPU.Build.0 = Release|Any CPU
		{89C41B51-1761-4E2D-93C5-4D101255C94D}.Debug|Any CPU.ActiveCfg = Debug|Any CPU
		{89C41B51-1761-4E2D-93C5-4D101255C94D}.Debug|Any CPU.Build.0 = Debug|Any CPU
		{89C41B51-1761-4E2D-93C5-4D101255C94D}.Release|Any CPU.ActiveCfg = Release|Any CPU
		{89C41B51-1761-4E2D-93C5-4D101255C94D}.Release|Any CPU.Build.0 = Release|Any CPU
	EndGlobalSection
	GlobalSection(SolutionProperties) = preSolution
		HideSolutionNode = FALSE
	EndGlobalSection
	GlobalSection(NestedProjects) = preSolution
		{BEF6E09A-5FED-4BF2-A039-43A6EA5E611C} = {9297CFED-CFF1-4DE9-AC5C-7B20DB2DDEBB}
		{4186C82B-3ED0-4408-B232-FA220657A545} = {BEF6E09A-5FED-4BF2-A039-43A6EA5E611C}
		{AF334F82-809C-417E-8AAB-F77EC37D7746} = {BEF6E09A-5FED-4BF2-A039-43A6EA5E611C}
		{62D6641C-9B49-4C93-A9E8-D55387E40242} = {BEF6E09A-5FED-4BF2-A039-43A6EA5E611C}
		{87161E35-9743-4032-BC60-5E676071DDC9} = {9297CFED-CFF1-4DE9-AC5C-7B20DB2DDEBB}
		{BE564DAB-6A81-4B8A-A2BA-7A382A86F264} = {87161E35-9743-4032-BC60-5E676071DDC9}
		{0204EDE8-7977-428E-88A2-6E2150E843DB} = {87161E35-9743-4032-BC60-5E676071DDC9}
		{D02FD3A8-9845-43C5-A677-2B75CAA51501} = {87161E35-9743-4032-BC60-5E676071DDC9}
		{B60DAAA7-F082-465E-AC7C-AC5AB4FB53EC} = {9297CFED-CFF1-4DE9-AC5C-7B20DB2DDEBB}
		{F1FD21DE-91D7-4549-B176-BEF1938F7CAC} = {B60DAAA7-F082-465E-AC7C-AC5AB4FB53EC}
		{89C41B51-1761-4E2D-93C5-4D101255C94D} = {B60DAAA7-F082-465E-AC7C-AC5AB4FB53EC}
	EndGlobalSection
	GlobalSection(ExtensibilityGlobals) = postSolution
		SolutionGuid = {83402F40-2FA3-4F57-AB6C-A4C3972C513B}
	EndGlobalSection
EndGlobal
